
Microsoft Visual Studio Solution File, Format Version 12.00
# Visual Studio 15
VisualStudioVersion = 15.0.28010.2041
MinimumVisualStudioVersion = 10.0.40219.1
Project("{9A19103F-16F7-4668-BE54-9A1E7A4F7556}") = "OnlineMovieStore.Web", "OnlineMovieStore.Web\OnlineMovieStore.Web.csproj", "{62D5B5F1-7F33-47E4-9CAD-E495C8B837F2}"
EndProject
Project("{9A19103F-16F7-4668-BE54-9A1E7A4F7556}") = "OnlineMovieStore.Data", "OnlineMovieStore.Data\OnlineMovieStore.Data.csproj", "{558874DC-A34C-452A-9EDF-328E61AFF04C}"
EndProject
Project("{9A19103F-16F7-4668-BE54-9A1E7A4F7556}") = "OnlineMovieStore.Models", "OnlineMovieStore.Models\OnlineMovieStore.Models.csproj", "{DC6A0003-6E20-4607-9637-4DAC47D24D33}"
EndProject
Project("{9A19103F-16F7-4668-BE54-9A1E7A4F7556}") = "OnlineMovieStore.Services", "OnlineMovieStore.Services\OnlineMovieStore.Services.csproj", "{5598D0F4-39E5-4908-9B94-9FADBEA66B4A}"
EndProject
Project("{FAE04EC0-301F-11D3-BF4B-00C04F79EFBC}") = "OnlineMovieStore.Web.Tests", "OnlineMovieStore.Web.Tests\OnlineMovieStore.Web.Tests.csproj", "{6AACEB8C-549A-4172-96B7-8C48FB9740FC}"
EndProject
Global
	GlobalSection(SolutionConfigurationPlatforms) = preSolution
		Debug|Any CPU = Debug|Any CPU
		Release|Any CPU = Release|Any CPU
	EndGlobalSection
	GlobalSection(ProjectConfigurationPlatforms) = postSolution
		{62D5B5F1-7F33-47E4-9CAD-E495C8B837F2}.Debug|Any CPU.ActiveCfg = Debug|Any CPU
		{62D5B5F1-7F33-47E4-9CAD-E495C8B837F2}.Debug|Any CPU.Build.0 = Debug|Any CPU
		{62D5B5F1-7F33-47E4-9CAD-E495C8B837F2}.Release|Any CPU.ActiveCfg = Release|Any CPU
		{62D5B5F1-7F33-47E4-9CAD-E495C8B837F2}.Release|Any CPU.Build.0 = Release|Any CPU
		{558874DC-A34C-452A-9EDF-328E61AFF04C}.Debug|Any CPU.ActiveCfg = Debug|Any CPU
		{558874DC-A34C-452A-9EDF-328E61AFF04C}.Debug|Any CPU.Build.0 = Debug|Any CPU
		{558874DC-A34C-452A-9EDF-328E61AFF04C}.Release|Any CPU.ActiveCfg = Release|Any CPU
		{558874DC-A34C-452A-9EDF-328E61AFF04C}.Release|Any CPU.Build.0 = Release|Any CPU
		{DC6A0003-6E20-4607-9637-4DAC47D24D33}.Debug|Any CPU.ActiveCfg = Debug|Any CPU
		{DC6A0003-6E20-4607-9637-4DAC47D24D33}.Debug|Any CPU.Build.0 = Debug|Any CPU
		{DC6A0003-6E20-4607-9637-4DAC47D24D33}.Release|Any CPU.ActiveCfg = Release|Any CPU
		{DC6A0003-6E20-4607-9637-4DAC47D24D33}.Release|Any CPU.Build.0 = Release|Any CPU
		{5598D0F4-39E5-4908-9B94-9FADBEA66B4A}.Debug|Any CPU.ActiveCfg = Debug|Any CPU
		{5598D0F4-39E5-4908-9B94-9FADBEA66B4A}.Debug|Any CPU.Build.0 = Debug|Any CPU
		{5598D0F4-39E5-4908-9B94-9FADBEA66B4A}.Release|Any CPU.ActiveCfg = Release|Any CPU
		{5598D0F4-39E5-4908-9B94-9FADBEA66B4A}.Release|Any CPU.Build.0 = Release|Any CPU
		{6AACEB8C-549A-4172-96B7-8C48FB9740FC}.Debug|Any CPU.ActiveCfg = Debug|Any CPU
		{6AACEB8C-549A-4172-96B7-8C48FB9740FC}.Debug|Any CPU.Build.0 = Debug|Any CPU
		{6AACEB8C-549A-4172-96B7-8C48FB9740FC}.Release|Any CPU.ActiveCfg = Release|Any CPU
		{6AACEB8C-549A-4172-96B7-8C48FB9740FC}.Release|Any CPU.Build.0 = Release|Any CPU
	EndGlobalSection
	GlobalSection(SolutionProperties) = preSolution
		HideSolutionNode = FALSE
	EndGlobalSection
	GlobalSection(ExtensibilityGlobals) = postSolution
		SolutionGuid = {2DD724D1-61A1-4659-BAA7-2131741F44DA}
	EndGlobalSection
EndGlobal
